
Microsoft Visual Studio Solution File, Format Version 12.00
# Visual Studio 15
VisualStudioVersion = 15.0.27004.2008
MinimumVisualStudioVersion = 10.0.40219.1
Project("{FAE04EC0-301F-11D3-BF4B-00C04F79EFBC}") = "Website1", "Website1\Website1.csproj", "{FF999D69-AE76-4907-8505-9AE5E96AEE41}"
EndProject
Global
	GlobalSection(SolutionConfigurationPlatforms) = preSolution
		Debug|Any CPU = Debug|Any CPU
		Release|Any CPU = Release|Any CPU
	EndGlobalSection
	GlobalSection(ProjectConfigurationPlatforms) = postSolution
		{FF999D69-AE76-4907-8505-9AE5E96AEE41}.Debug|Any CPU.ActiveCfg = Debug|Any CPU
		{FF999D69-AE76-4907-8505-9AE5E96AEE41}.Debug|Any CPU.Build.0 = Debug|Any CPU
		{FF999D69-AE76-4907-8505-9AE5E96AEE41}.Release|Any CPU.ActiveCfg = Release|Any CPU
		{FF999D69-AE76-4907-8505-9AE5E96AEE41}.Release|Any CPU.Build.0 = Release|Any CPU
	EndGlobalSection
	GlobalSection(SolutionProperties) = preSolution
		HideSolutionNode = FALSE
	EndGlobalSection
	GlobalSection(ExtensibilityGlobals) = postSolution
		SolutionGuid = {A7A86126-963C-4AAD-8355-D0000FCACADB}
	EndGlobalSection
EndGlobal
